
Microsoft Visual Studio Solution File, Format Version 12.00
# Visual Studio Version 16
VisualStudioVersion = 16.0.29411.108
MinimumVisualStudioVersion = 10.0.40219.1
Project("{FAE04EC0-301F-11D3-BF4B-00C04F79EFBC}") = "hangmepls", "hangmepls\hangmepls.csproj", "{190D237D-0DF0-484E-9486-71AD9B0F63E4}"
EndProject
Global
	GlobalSection(SolutionConfigurationPlatforms) = preSolution
		Debug|Any CPU = Debug|Any CPU
		Release|Any CPU = Release|Any CPU
	EndGlobalSection
	GlobalSection(ProjectConfigurationPlatforms) = postSolution
		{190D237D-0DF0-484E-9486-71AD9B0F63E4}.Debug|Any CPU.ActiveCfg = Debug|Any CPU
		{190D237D-0DF0-484E-9486-71AD9B0F63E4}.Debug|Any CPU.Build.0 = Debug|Any CPU
		{190D237D-0DF0-484E-9486-71AD9B0F63E4}.Release|Any CPU.ActiveCfg = Release|Any CPU
		{190D237D-0DF0-484E-9486-71AD9B0F63E4}.Release|Any CPU.Build.0 = Release|Any CPU
	EndGlobalSection
	GlobalSection(SolutionProperties) = preSolution
		HideSolutionNode = FALSE
	EndGlobalSection
	GlobalSection(ExtensibilityGlobals) = postSolution
		SolutionGuid = {63C5EA97-EED0-4855-A53C-BD6F3C923B72}
	EndGlobalSection
EndGlobal
